
Microsoft Visual Studio Solution File, Format Version 12.00
# Visual Studio Version 17
VisualStudioVersion = 17.2.32526.322
MinimumVisualStudioVersion = 10.0.40219.1
Project("{FAE04EC0-301F-11D3-BF4B-00C04F79EFBC}") = "01. Experience Gaining", "01. Experience Gaining\01. Experience Gaining.csproj", "{AFE816EB-4265-452B-A94E-A5C15425FAE2}"
EndProject
Global
	GlobalSection(SolutionConfigurationPlatforms) = preSolution
		Debug|Any CPU = Debug|Any CPU
		Release|Any CPU = Release|Any CPU
	EndGlobalSection
	GlobalSection(ProjectConfigurationPlatforms) = postSolution
		{AFE816EB-4265-452B-A94E-A5C15425FAE2}.Debug|Any CPU.ActiveCfg = Debug|Any CPU
		{AFE816EB-4265-452B-A94E-A5C15425FAE2}.Debug|Any CPU.Build.0 = Debug|Any CPU
		{AFE816EB-4265-452B-A94E-A5C15425FAE2}.Release|Any CPU.ActiveCfg = Release|Any CPU
		{AFE816EB-4265-452B-A94E-A5C15425FAE2}.Release|Any CPU.Build.0 = Release|Any CPU
	EndGlobalSection
	GlobalSection(SolutionProperties) = preSolution
		HideSolutionNode = FALSE
	EndGlobalSection
	GlobalSection(ExtensibilityGlobals) = postSolution
		SolutionGuid = {2295799B-604C-44CB-A15E-1E58B4C013D9}
	EndGlobalSection
EndGlobal
