
Microsoft Visual Studio Solution File, Format Version 12.00
# Visual Studio Version 17
VisualStudioVersion = 17.2.32526.322
MinimumVisualStudioVersion = 10.0.40219.1
Project("{FAE04EC0-301F-11D3-BF4B-00C04F79EFBC}") = "04. Centuries to Minutes", "04. Centuries to Minutes\04. Centuries to Minutes.csproj", "{C7E89364-5DE9-472F-9FB4-0ECB413C3467}"
EndProject
Global
	GlobalSection(SolutionConfigurationPlatforms) = preSolution
		Debug|Any CPU = Debug|Any CPU
		Release|Any CPU = Release|Any CPU
	EndGlobalSection
	GlobalSection(ProjectConfigurationPlatforms) = postSolution
		{C7E89364-5DE9-472F-9FB4-0ECB413C3467}.Debug|Any CPU.ActiveCfg = Debug|Any CPU
		{C7E89364-5DE9-472F-9FB4-0ECB413C3467}.Debug|Any CPU.Build.0 = Debug|Any CPU
		{C7E89364-5DE9-472F-9FB4-0ECB413C3467}.Release|Any CPU.ActiveCfg = Release|Any CPU
		{C7E89364-5DE9-472F-9FB4-0ECB413C3467}.Release|Any CPU.Build.0 = Release|Any CPU
	EndGlobalSection
	GlobalSection(SolutionProperties) = preSolution
		HideSolutionNode = FALSE
	EndGlobalSection
	GlobalSection(ExtensibilityGlobals) = postSolution
		SolutionGuid = {BDFB5A68-1CA5-4BED-97D9-A29A70EDD162}
	EndGlobalSection
EndGlobal
