
Microsoft Visual Studio Solution File, Format Version 12.00
# Visual Studio Version 17
VisualStudioVersion = 17.2.32526.322
MinimumVisualStudioVersion = 10.0.40219.1
Project("{FAE04EC0-301F-11D3-BF4B-00C04F79EFBC}") = "06. Middle Characters", "06. Middle Characters\06. Middle Characters.csproj", "{50B28D89-567A-4B01-90D9-E06E15568F7A}"
EndProject
Global
	GlobalSection(SolutionConfigurationPlatforms) = preSolution
		Debug|Any CPU = Debug|Any CPU
		Release|Any CPU = Release|Any CPU
	EndGlobalSection
	GlobalSection(ProjectConfigurationPlatforms) = postSolution
		{50B28D89-567A-4B01-90D9-E06E15568F7A}.Debug|Any CPU.ActiveCfg = Debug|Any CPU
		{50B28D89-567A-4B01-90D9-E06E15568F7A}.Debug|Any CPU.Build.0 = Debug|Any CPU
		{50B28D89-567A-4B01-90D9-E06E15568F7A}.Release|Any CPU.ActiveCfg = Release|Any CPU
		{50B28D89-567A-4B01-90D9-E06E15568F7A}.Release|Any CPU.Build.0 = Release|Any CPU
	EndGlobalSection
	GlobalSection(SolutionProperties) = preSolution
		HideSolutionNode = FALSE
	EndGlobalSection
	GlobalSection(ExtensibilityGlobals) = postSolution
		SolutionGuid = {074F0537-FD19-4FDB-A090-4749D7E6CF0C}
	EndGlobalSection
EndGlobal
