
Microsoft Visual Studio Solution File, Format Version 12.00
# Visual Studio Version 17
VisualStudioVersion = 17.2.32526.322
MinimumVisualStudioVersion = 10.0.40219.1
Project("{FAE04EC0-301F-11D3-BF4B-00C04F79EFBC}") = "05. Messages", "05. Messages\05. Messages.csproj", "{92CBB3D4-B2CD-44D5-8046-B9BE665B2CD1}"
EndProject
Global
	GlobalSection(SolutionConfigurationPlatforms) = preSolution
		Debug|Any CPU = Debug|Any CPU
		Release|Any CPU = Release|Any CPU
	EndGlobalSection
	GlobalSection(ProjectConfigurationPlatforms) = postSolution
		{92CBB3D4-B2CD-44D5-8046-B9BE665B2CD1}.Debug|Any CPU.ActiveCfg = Debug|Any CPU
		{92CBB3D4-B2CD-44D5-8046-B9BE665B2CD1}.Debug|Any CPU.Build.0 = Debug|Any CPU
		{92CBB3D4-B2CD-44D5-8046-B9BE665B2CD1}.Release|Any CPU.ActiveCfg = Release|Any CPU
		{92CBB3D4-B2CD-44D5-8046-B9BE665B2CD1}.Release|Any CPU.Build.0 = Release|Any CPU
	EndGlobalSection
	GlobalSection(SolutionProperties) = preSolution
		HideSolutionNode = FALSE
	EndGlobalSection
	GlobalSection(ExtensibilityGlobals) = postSolution
		SolutionGuid = {83D6CE42-4EBA-4CAC-A392-63D492697AC2}
	EndGlobalSection
EndGlobal
