
Microsoft Visual Studio Solution File, Format Version 12.00
# Visual Studio Version 17
VisualStudioVersion = 17.2.32526.322
MinimumVisualStudioVersion = 10.0.40219.1
Project("{FAE04EC0-301F-11D3-BF4B-00C04F79EFBC}") = "01. Match Full Name", "01. Match Full Name\01. Match Full Name.csproj", "{27648537-3C6B-4DD3-9F77-19D08BB47496}"
EndProject
Global
	GlobalSection(SolutionConfigurationPlatforms) = preSolution
		Debug|Any CPU = Debug|Any CPU
		Release|Any CPU = Release|Any CPU
	EndGlobalSection
	GlobalSection(ProjectConfigurationPlatforms) = postSolution
		{27648537-3C6B-4DD3-9F77-19D08BB47496}.Debug|Any CPU.ActiveCfg = Debug|Any CPU
		{27648537-3C6B-4DD3-9F77-19D08BB47496}.Debug|Any CPU.Build.0 = Debug|Any CPU
		{27648537-3C6B-4DD3-9F77-19D08BB47496}.Release|Any CPU.ActiveCfg = Release|Any CPU
		{27648537-3C6B-4DD3-9F77-19D08BB47496}.Release|Any CPU.Build.0 = Release|Any CPU
	EndGlobalSection
	GlobalSection(SolutionProperties) = preSolution
		HideSolutionNode = FALSE
	EndGlobalSection
	GlobalSection(ExtensibilityGlobals) = postSolution
		SolutionGuid = {2E93E57A-AC61-41FA-941D-4B3B0AB6AA6B}
	EndGlobalSection
EndGlobal
