
Microsoft Visual Studio Solution File, Format Version 12.00
# Visual Studio Version 17
VisualStudioVersion = 17.2.32526.322
MinimumVisualStudioVersion = 10.0.40219.1
Project("{FAE04EC0-301F-11D3-BF4B-00C04F79EFBC}") = "04. Reverse Array of Strings", "04. Reverse Array of Strings\04. Reverse Array of Strings.csproj", "{98E4469E-F670-4D01-836C-BCD2B71CF58E}"
EndProject
Global
	GlobalSection(SolutionConfigurationPlatforms) = preSolution
		Debug|Any CPU = Debug|Any CPU
		Release|Any CPU = Release|Any CPU
	EndGlobalSection
	GlobalSection(ProjectConfigurationPlatforms) = postSolution
		{98E4469E-F670-4D01-836C-BCD2B71CF58E}.Debug|Any CPU.ActiveCfg = Debug|Any CPU
		{98E4469E-F670-4D01-836C-BCD2B71CF58E}.Debug|Any CPU.Build.0 = Debug|Any CPU
		{98E4469E-F670-4D01-836C-BCD2B71CF58E}.Release|Any CPU.ActiveCfg = Release|Any CPU
		{98E4469E-F670-4D01-836C-BCD2B71CF58E}.Release|Any CPU.Build.0 = Release|Any CPU
	EndGlobalSection
	GlobalSection(SolutionProperties) = preSolution
		HideSolutionNode = FALSE
	EndGlobalSection
	GlobalSection(ExtensibilityGlobals) = postSolution
		SolutionGuid = {3B9E8992-CB66-4C07-BB50-D0437671D9F2}
	EndGlobalSection
EndGlobal
