
Microsoft Visual Studio Solution File, Format Version 12.00
# Visual Studio Version 17
VisualStudioVersion = 17.2.32526.322
MinimumVisualStudioVersion = 10.0.40219.1
Project("{FAE04EC0-301F-11D3-BF4B-00C04F79EFBC}") = "04. Reverse String", "04. Reverse String\04. Reverse String.csproj", "{44C9D36E-F714-47D4-95D1-1B530AC41D00}"
EndProject
Global
	GlobalSection(SolutionConfigurationPlatforms) = preSolution
		Debug|Any CPU = Debug|Any CPU
		Release|Any CPU = Release|Any CPU
	EndGlobalSection
	GlobalSection(ProjectConfigurationPlatforms) = postSolution
		{44C9D36E-F714-47D4-95D1-1B530AC41D00}.Debug|Any CPU.ActiveCfg = Debug|Any CPU
		{44C9D36E-F714-47D4-95D1-1B530AC41D00}.Debug|Any CPU.Build.0 = Debug|Any CPU
		{44C9D36E-F714-47D4-95D1-1B530AC41D00}.Release|Any CPU.ActiveCfg = Release|Any CPU
		{44C9D36E-F714-47D4-95D1-1B530AC41D00}.Release|Any CPU.Build.0 = Release|Any CPU
	EndGlobalSection
	GlobalSection(SolutionProperties) = preSolution
		HideSolutionNode = FALSE
	EndGlobalSection
	GlobalSection(ExtensibilityGlobals) = postSolution
		SolutionGuid = {1997CFDB-FA4E-4970-B1E8-423C15F4B421}
	EndGlobalSection
EndGlobal
