
Microsoft Visual Studio Solution File, Format Version 12.00
# Visual Studio Version 17
VisualStudioVersion = 17.2.32526.322
MinimumVisualStudioVersion = 10.0.40219.1
Project("{FAE04EC0-301F-11D3-BF4B-00C04F79EFBC}") = "01. Valid Usernames", "01. Valid Usernames\01. Valid Usernames.csproj", "{2508E087-1DEA-41E6-B550-42A599DA21F4}"
EndProject
Global
	GlobalSection(SolutionConfigurationPlatforms) = preSolution
		Debug|Any CPU = Debug|Any CPU
		Release|Any CPU = Release|Any CPU
	EndGlobalSection
	GlobalSection(ProjectConfigurationPlatforms) = postSolution
		{2508E087-1DEA-41E6-B550-42A599DA21F4}.Debug|Any CPU.ActiveCfg = Debug|Any CPU
		{2508E087-1DEA-41E6-B550-42A599DA21F4}.Debug|Any CPU.Build.0 = Debug|Any CPU
		{2508E087-1DEA-41E6-B550-42A599DA21F4}.Release|Any CPU.ActiveCfg = Release|Any CPU
		{2508E087-1DEA-41E6-B550-42A599DA21F4}.Release|Any CPU.Build.0 = Release|Any CPU
	EndGlobalSection
	GlobalSection(SolutionProperties) = preSolution
		HideSolutionNode = FALSE
	EndGlobalSection
	GlobalSection(ExtensibilityGlobals) = postSolution
		SolutionGuid = {A4C06E95-BFFF-44F0-977D-D5CD9784274E}
	EndGlobalSection
EndGlobal
