
Microsoft Visual Studio Solution File, Format Version 12.00
# Visual Studio Version 17
VisualStudioVersion = 17.2.32526.322
MinimumVisualStudioVersion = 10.0.40219.1
Project("{FAE04EC0-301F-11D3-BF4B-00C04F79EFBC}") = "07. Repeat String", "07. Repeat String\07. Repeat String.csproj", "{AB464D43-C633-4C65-B83F-0B8A23A1F659}"
EndProject
Global
	GlobalSection(SolutionConfigurationPlatforms) = preSolution
		Debug|Any CPU = Debug|Any CPU
		Release|Any CPU = Release|Any CPU
	EndGlobalSection
	GlobalSection(ProjectConfigurationPlatforms) = postSolution
		{AB464D43-C633-4C65-B83F-0B8A23A1F659}.Debug|Any CPU.ActiveCfg = Debug|Any CPU
		{AB464D43-C633-4C65-B83F-0B8A23A1F659}.Debug|Any CPU.Build.0 = Debug|Any CPU
		{AB464D43-C633-4C65-B83F-0B8A23A1F659}.Release|Any CPU.ActiveCfg = Release|Any CPU
		{AB464D43-C633-4C65-B83F-0B8A23A1F659}.Release|Any CPU.Build.0 = Release|Any CPU
	EndGlobalSection
	GlobalSection(SolutionProperties) = preSolution
		HideSolutionNode = FALSE
	EndGlobalSection
	GlobalSection(ExtensibilityGlobals) = postSolution
		SolutionGuid = {D89879E8-7F5D-4193-BCDF-1E6C4F1EFCE1}
	EndGlobalSection
EndGlobal
