
Microsoft Visual Studio Solution File, Format Version 12.00
# Visual Studio Version 17
VisualStudioVersion = 17.2.32526.322
MinimumVisualStudioVersion = 10.0.40219.1
Project("{FAE04EC0-301F-11D3-BF4B-00C04F79EFBC}") = "08. Condense Array to Number", "08. Condense Array to Number\08. Condense Array to Number.csproj", "{8387CFE5-50BB-4004-AA28-B4E1989D429A}"
EndProject
Global
	GlobalSection(SolutionConfigurationPlatforms) = preSolution
		Debug|Any CPU = Debug|Any CPU
		Release|Any CPU = Release|Any CPU
	EndGlobalSection
	GlobalSection(ProjectConfigurationPlatforms) = postSolution
		{8387CFE5-50BB-4004-AA28-B4E1989D429A}.Debug|Any CPU.ActiveCfg = Debug|Any CPU
		{8387CFE5-50BB-4004-AA28-B4E1989D429A}.Debug|Any CPU.Build.0 = Debug|Any CPU
		{8387CFE5-50BB-4004-AA28-B4E1989D429A}.Release|Any CPU.ActiveCfg = Release|Any CPU
		{8387CFE5-50BB-4004-AA28-B4E1989D429A}.Release|Any CPU.Build.0 = Release|Any CPU
	EndGlobalSection
	GlobalSection(SolutionProperties) = preSolution
		HideSolutionNode = FALSE
	EndGlobalSection
	GlobalSection(ExtensibilityGlobals) = postSolution
		SolutionGuid = {D78066BA-EAE4-409F-9745-1B15665A39DD}
	EndGlobalSection
EndGlobal
