
Microsoft Visual Studio Solution File, Format Version 12.00
# Visual Studio Version 17
VisualStudioVersion = 17.2.32526.322
MinimumVisualStudioVersion = 10.0.40219.1
Project("{FAE04EC0-301F-11D3-BF4B-00C04F79EFBC}") = "08. Divisible by 3", "08. Divisible by 3\08. Divisible by 3.csproj", "{4861DF4A-6893-4846-A3E2-17ACA5C35D1B}"
EndProject
Global
	GlobalSection(SolutionConfigurationPlatforms) = preSolution
		Debug|Any CPU = Debug|Any CPU
		Release|Any CPU = Release|Any CPU
	EndGlobalSection
	GlobalSection(ProjectConfigurationPlatforms) = postSolution
		{4861DF4A-6893-4846-A3E2-17ACA5C35D1B}.Debug|Any CPU.ActiveCfg = Debug|Any CPU
		{4861DF4A-6893-4846-A3E2-17ACA5C35D1B}.Debug|Any CPU.Build.0 = Debug|Any CPU
		{4861DF4A-6893-4846-A3E2-17ACA5C35D1B}.Release|Any CPU.ActiveCfg = Release|Any CPU
		{4861DF4A-6893-4846-A3E2-17ACA5C35D1B}.Release|Any CPU.Build.0 = Release|Any CPU
	EndGlobalSection
	GlobalSection(SolutionProperties) = preSolution
		HideSolutionNode = FALSE
	EndGlobalSection
	GlobalSection(ExtensibilityGlobals) = postSolution
		SolutionGuid = {3357875E-0554-4B0F-A8AA-D937FFE89E56}
	EndGlobalSection
EndGlobal
