
Microsoft Visual Studio Solution File, Format Version 12.00
# Visual Studio Version 17
VisualStudioVersion = 17.2.32526.322
MinimumVisualStudioVersion = 10.0.40219.1
Project("{FAE04EC0-301F-11D3-BF4B-00C04F79EFBC}") = "09. Palindrome Integers", "09. Palindrome Integers\09. Palindrome Integers.csproj", "{612383EA-9BA3-448B-9E6A-35F14815041C}"
EndProject
Global
	GlobalSection(SolutionConfigurationPlatforms) = preSolution
		Debug|Any CPU = Debug|Any CPU
		Release|Any CPU = Release|Any CPU
	EndGlobalSection
	GlobalSection(ProjectConfigurationPlatforms) = postSolution
		{612383EA-9BA3-448B-9E6A-35F14815041C}.Debug|Any CPU.ActiveCfg = Debug|Any CPU
		{612383EA-9BA3-448B-9E6A-35F14815041C}.Debug|Any CPU.Build.0 = Debug|Any CPU
		{612383EA-9BA3-448B-9E6A-35F14815041C}.Release|Any CPU.ActiveCfg = Release|Any CPU
		{612383EA-9BA3-448B-9E6A-35F14815041C}.Release|Any CPU.Build.0 = Release|Any CPU
	EndGlobalSection
	GlobalSection(SolutionProperties) = preSolution
		HideSolutionNode = FALSE
	EndGlobalSection
	GlobalSection(ExtensibilityGlobals) = postSolution
		SolutionGuid = {AE01F462-BE18-459B-A62F-9901ABFF9556}
	EndGlobalSection
EndGlobal
