
Microsoft Visual Studio Solution File, Format Version 12.00
# Visual Studio Version 17
VisualStudioVersion = 17.2.32526.322
MinimumVisualStudioVersion = 10.0.40219.1
Project("{FAE04EC0-301F-11D3-BF4B-00C04F79EFBC}") = "01. Convert Meters to Kilometers", "01. Convert Meters to Kilometers\01. Convert Meters to Kilometers.csproj", "{1C44FC44-7E1A-4886-B3BE-386F6341BC08}"
EndProject
Global
	GlobalSection(SolutionConfigurationPlatforms) = preSolution
		Debug|Any CPU = Debug|Any CPU
		Release|Any CPU = Release|Any CPU
	EndGlobalSection
	GlobalSection(ProjectConfigurationPlatforms) = postSolution
		{1C44FC44-7E1A-4886-B3BE-386F6341BC08}.Debug|Any CPU.ActiveCfg = Debug|Any CPU
		{1C44FC44-7E1A-4886-B3BE-386F6341BC08}.Debug|Any CPU.Build.0 = Debug|Any CPU
		{1C44FC44-7E1A-4886-B3BE-386F6341BC08}.Release|Any CPU.ActiveCfg = Release|Any CPU
		{1C44FC44-7E1A-4886-B3BE-386F6341BC08}.Release|Any CPU.Build.0 = Release|Any CPU
	EndGlobalSection
	GlobalSection(SolutionProperties) = preSolution
		HideSolutionNode = FALSE
	EndGlobalSection
	GlobalSection(ExtensibilityGlobals) = postSolution
		SolutionGuid = {0A4E8386-2F5C-414C-802B-A00C64857634}
	EndGlobalSection
EndGlobal
