
Microsoft Visual Studio Solution File, Format Version 12.00
# Visual Studio Version 17
VisualStudioVersion = 17.2.32526.322
MinimumVisualStudioVersion = 10.0.40219.1
Project("{FAE04EC0-301F-11D3-BF4B-00C04F79EFBC}") = "01. Count Chars in a String", "01. Count Chars in a String\01. Count Chars in a String.csproj", "{92975BF2-7AFB-440A-B4EA-3AD581D8E6D8}"
EndProject
Global
	GlobalSection(SolutionConfigurationPlatforms) = preSolution
		Debug|Any CPU = Debug|Any CPU
		Release|Any CPU = Release|Any CPU
	EndGlobalSection
	GlobalSection(ProjectConfigurationPlatforms) = postSolution
		{92975BF2-7AFB-440A-B4EA-3AD581D8E6D8}.Debug|Any CPU.ActiveCfg = Debug|Any CPU
		{92975BF2-7AFB-440A-B4EA-3AD581D8E6D8}.Debug|Any CPU.Build.0 = Debug|Any CPU
		{92975BF2-7AFB-440A-B4EA-3AD581D8E6D8}.Release|Any CPU.ActiveCfg = Release|Any CPU
		{92975BF2-7AFB-440A-B4EA-3AD581D8E6D8}.Release|Any CPU.Build.0 = Release|Any CPU
	EndGlobalSection
	GlobalSection(SolutionProperties) = preSolution
		HideSolutionNode = FALSE
	EndGlobalSection
	GlobalSection(ExtensibilityGlobals) = postSolution
		SolutionGuid = {58D60FDE-44F6-4590-9F55-787697E77984}
	EndGlobalSection
EndGlobal
