
Microsoft Visual Studio Solution File, Format Version 12.00
# Visual Studio Version 17
VisualStudioVersion = 17.2.32526.322
MinimumVisualStudioVersion = 10.0.40219.1
Project("{FAE04EC0-301F-11D3-BF4B-00C04F79EFBC}") = "11. Orders", "11. Orders\11. Orders.csproj", "{9E731C6F-5BBF-4D45-B642-8569EE91D0E0}"
EndProject
Global
	GlobalSection(SolutionConfigurationPlatforms) = preSolution
		Debug|Any CPU = Debug|Any CPU
		Release|Any CPU = Release|Any CPU
	EndGlobalSection
	GlobalSection(ProjectConfigurationPlatforms) = postSolution
		{9E731C6F-5BBF-4D45-B642-8569EE91D0E0}.Debug|Any CPU.ActiveCfg = Debug|Any CPU
		{9E731C6F-5BBF-4D45-B642-8569EE91D0E0}.Debug|Any CPU.Build.0 = Debug|Any CPU
		{9E731C6F-5BBF-4D45-B642-8569EE91D0E0}.Release|Any CPU.ActiveCfg = Release|Any CPU
		{9E731C6F-5BBF-4D45-B642-8569EE91D0E0}.Release|Any CPU.Build.0 = Release|Any CPU
	EndGlobalSection
	GlobalSection(SolutionProperties) = preSolution
		HideSolutionNode = FALSE
	EndGlobalSection
	GlobalSection(ExtensibilityGlobals) = postSolution
		SolutionGuid = {A5BABC2F-459B-4304-8780-5C714B505E27}
	EndGlobalSection
EndGlobal
