
Microsoft Visual Studio Solution File, Format Version 12.00
# Visual Studio Version 17
VisualStudioVersion = 17.2.32526.322
MinimumVisualStudioVersion = 10.0.40219.1
Project("{FAE04EC0-301F-11D3-BF4B-00C04F79EFBC}") = "10. Multiply Evens by Odds", "10. Multiply Evens by Odds\10. Multiply Evens by Odds.csproj", "{8AD6EBD9-5449-4B8E-A53E-BB24528FB06D}"
EndProject
Global
	GlobalSection(SolutionConfigurationPlatforms) = preSolution
		Debug|Any CPU = Debug|Any CPU
		Release|Any CPU = Release|Any CPU
	EndGlobalSection
	GlobalSection(ProjectConfigurationPlatforms) = postSolution
		{8AD6EBD9-5449-4B8E-A53E-BB24528FB06D}.Debug|Any CPU.ActiveCfg = Debug|Any CPU
		{8AD6EBD9-5449-4B8E-A53E-BB24528FB06D}.Debug|Any CPU.Build.0 = Debug|Any CPU
		{8AD6EBD9-5449-4B8E-A53E-BB24528FB06D}.Release|Any CPU.ActiveCfg = Release|Any CPU
		{8AD6EBD9-5449-4B8E-A53E-BB24528FB06D}.Release|Any CPU.Build.0 = Release|Any CPU
	EndGlobalSection
	GlobalSection(SolutionProperties) = preSolution
		HideSolutionNode = FALSE
	EndGlobalSection
	GlobalSection(ExtensibilityGlobals) = postSolution
		SolutionGuid = {06D8BC7D-C49E-4815-BB3A-71D60221CB2E}
	EndGlobalSection
EndGlobal
