
Microsoft Visual Studio Solution File, Format Version 12.00
# Visual Studio Version 17
VisualStudioVersion = 17.2.32526.322
MinimumVisualStudioVersion = 10.0.40219.1
Project("{FAE04EC0-301F-11D3-BF4B-00C04F79EFBC}") = "08. Town Info", "08. Town Info\08. Town Info.csproj", "{262DD497-AE02-461A-ABFE-716BCA8D7C4B}"
EndProject
Global
	GlobalSection(SolutionConfigurationPlatforms) = preSolution
		Debug|Any CPU = Debug|Any CPU
		Release|Any CPU = Release|Any CPU
	EndGlobalSection
	GlobalSection(ProjectConfigurationPlatforms) = postSolution
		{262DD497-AE02-461A-ABFE-716BCA8D7C4B}.Debug|Any CPU.ActiveCfg = Debug|Any CPU
		{262DD497-AE02-461A-ABFE-716BCA8D7C4B}.Debug|Any CPU.Build.0 = Debug|Any CPU
		{262DD497-AE02-461A-ABFE-716BCA8D7C4B}.Release|Any CPU.ActiveCfg = Release|Any CPU
		{262DD497-AE02-461A-ABFE-716BCA8D7C4B}.Release|Any CPU.Build.0 = Release|Any CPU
	EndGlobalSection
	GlobalSection(SolutionProperties) = preSolution
		HideSolutionNode = FALSE
	EndGlobalSection
	GlobalSection(ExtensibilityGlobals) = postSolution
		SolutionGuid = {C3F56261-28C5-484F-975E-C8039DC3728E}
	EndGlobalSection
EndGlobal
