
Microsoft Visual Studio Solution File, Format Version 12.00
# Visual Studio Version 17
VisualStudioVersion = 17.2.32526.322
MinimumVisualStudioVersion = 10.0.40219.1
Project("{FAE04EC0-301F-11D3-BF4B-00C04F79EFBC}") = "02. Odd Occurrences", "02. Odd Occurrences\02. Odd Occurrences.csproj", "{CBAE2AFD-DD04-4A99-A8DE-8EB6EA63A806}"
EndProject
Global
	GlobalSection(SolutionConfigurationPlatforms) = preSolution
		Debug|Any CPU = Debug|Any CPU
		Release|Any CPU = Release|Any CPU
	EndGlobalSection
	GlobalSection(ProjectConfigurationPlatforms) = postSolution
		{CBAE2AFD-DD04-4A99-A8DE-8EB6EA63A806}.Debug|Any CPU.ActiveCfg = Debug|Any CPU
		{CBAE2AFD-DD04-4A99-A8DE-8EB6EA63A806}.Debug|Any CPU.Build.0 = Debug|Any CPU
		{CBAE2AFD-DD04-4A99-A8DE-8EB6EA63A806}.Release|Any CPU.ActiveCfg = Release|Any CPU
		{CBAE2AFD-DD04-4A99-A8DE-8EB6EA63A806}.Release|Any CPU.Build.0 = Release|Any CPU
	EndGlobalSection
	GlobalSection(SolutionProperties) = preSolution
		HideSolutionNode = FALSE
	EndGlobalSection
	GlobalSection(ExtensibilityGlobals) = postSolution
		SolutionGuid = {38E41708-06B6-4AED-A1CF-58E98D94DF29}
	EndGlobalSection
EndGlobal
