
Microsoft Visual Studio Solution File, Format Version 12.00
# Visual Studio Version 17
VisualStudioVersion = 17.2.32526.322
MinimumVisualStudioVersion = 10.0.40219.1
Project("{FAE04EC0-301F-11D3-BF4B-00C04F79EFBC}") = "01. Sign of Integer Numbers", "01. Sign of Integer Numbers\01. Sign of Integer Numbers.csproj", "{C7196645-AC9E-4B0A-9743-9A1CE619F47C}"
EndProject
Global
	GlobalSection(SolutionConfigurationPlatforms) = preSolution
		Debug|Any CPU = Debug|Any CPU
		Release|Any CPU = Release|Any CPU
	EndGlobalSection
	GlobalSection(ProjectConfigurationPlatforms) = postSolution
		{C7196645-AC9E-4B0A-9743-9A1CE619F47C}.Debug|Any CPU.ActiveCfg = Debug|Any CPU
		{C7196645-AC9E-4B0A-9743-9A1CE619F47C}.Debug|Any CPU.Build.0 = Debug|Any CPU
		{C7196645-AC9E-4B0A-9743-9A1CE619F47C}.Release|Any CPU.ActiveCfg = Release|Any CPU
		{C7196645-AC9E-4B0A-9743-9A1CE619F47C}.Release|Any CPU.Build.0 = Release|Any CPU
	EndGlobalSection
	GlobalSection(SolutionProperties) = preSolution
		HideSolutionNode = FALSE
	EndGlobalSection
	GlobalSection(ExtensibilityGlobals) = postSolution
		SolutionGuid = {E12AC180-1C45-4217-9E1E-89D2D87AB88C}
	EndGlobalSection
EndGlobal
