
Microsoft Visual Studio Solution File, Format Version 12.00
# Visual Studio Version 17
VisualStudioVersion = 17.2.32526.322
MinimumVisualStudioVersion = 10.0.40219.1
Project("{FAE04EC0-301F-11D3-BF4B-00C04F79EFBC}") = "05. Students 2.0", "05. Students 2.0\05. Students 2.0.csproj", "{DDD9DBC4-7ADC-48A5-8AC2-9D7FDEDA0FBE}"
EndProject
Global
	GlobalSection(SolutionConfigurationPlatforms) = preSolution
		Debug|Any CPU = Debug|Any CPU
		Release|Any CPU = Release|Any CPU
	EndGlobalSection
	GlobalSection(ProjectConfigurationPlatforms) = postSolution
		{DDD9DBC4-7ADC-48A5-8AC2-9D7FDEDA0FBE}.Debug|Any CPU.ActiveCfg = Debug|Any CPU
		{DDD9DBC4-7ADC-48A5-8AC2-9D7FDEDA0FBE}.Debug|Any CPU.Build.0 = Debug|Any CPU
		{DDD9DBC4-7ADC-48A5-8AC2-9D7FDEDA0FBE}.Release|Any CPU.ActiveCfg = Release|Any CPU
		{DDD9DBC4-7ADC-48A5-8AC2-9D7FDEDA0FBE}.Release|Any CPU.Build.0 = Release|Any CPU
	EndGlobalSection
	GlobalSection(SolutionProperties) = preSolution
		HideSolutionNode = FALSE
	EndGlobalSection
	GlobalSection(ExtensibilityGlobals) = postSolution
		SolutionGuid = {E4E0130A-EF00-4905-A490-40EEA4F1F643}
	EndGlobalSection
EndGlobal
