
Microsoft Visual Studio Solution File, Format Version 12.00
# Visual Studio Version 17
VisualStudioVersion = 17.2.32526.322
MinimumVisualStudioVersion = 10.0.40219.1
Project("{FAE04EC0-301F-11D3-BF4B-00C04F79EFBC}") = "06. Replace Repeating Chars", "06. Replace Repeating Chars\06. Replace Repeating Chars.csproj", "{80FBA3CF-49B2-4146-8C50-EFF5AACA0DFA}"
EndProject
Global
	GlobalSection(SolutionConfigurationPlatforms) = preSolution
		Debug|Any CPU = Debug|Any CPU
		Release|Any CPU = Release|Any CPU
	EndGlobalSection
	GlobalSection(ProjectConfigurationPlatforms) = postSolution
		{80FBA3CF-49B2-4146-8C50-EFF5AACA0DFA}.Debug|Any CPU.ActiveCfg = Debug|Any CPU
		{80FBA3CF-49B2-4146-8C50-EFF5AACA0DFA}.Debug|Any CPU.Build.0 = Debug|Any CPU
		{80FBA3CF-49B2-4146-8C50-EFF5AACA0DFA}.Release|Any CPU.ActiveCfg = Release|Any CPU
		{80FBA3CF-49B2-4146-8C50-EFF5AACA0DFA}.Release|Any CPU.Build.0 = Release|Any CPU
	EndGlobalSection
	GlobalSection(SolutionProperties) = preSolution
		HideSolutionNode = FALSE
	EndGlobalSection
	GlobalSection(ExtensibilityGlobals) = postSolution
		SolutionGuid = {BA1A89C3-60A8-49B9-A333-120804D3DB16}
	EndGlobalSection
EndGlobal
