
Microsoft Visual Studio Solution File, Format Version 12.00
# Visual Studio Version 17
VisualStudioVersion = 17.2.32526.322
MinimumVisualStudioVersion = 10.0.40219.1
Project("{FAE04EC0-301F-11D3-BF4B-00C04F79EFBC}") = "06. List Manipulation Basics", "06. List Manipulation Basics\06. List Manipulation Basics.csproj", "{35B184E5-B397-44A7-961B-1BC0A74F13BF}"
EndProject
Global
	GlobalSection(SolutionConfigurationPlatforms) = preSolution
		Debug|Any CPU = Debug|Any CPU
		Release|Any CPU = Release|Any CPU
	EndGlobalSection
	GlobalSection(ProjectConfigurationPlatforms) = postSolution
		{35B184E5-B397-44A7-961B-1BC0A74F13BF}.Debug|Any CPU.ActiveCfg = Debug|Any CPU
		{35B184E5-B397-44A7-961B-1BC0A74F13BF}.Debug|Any CPU.Build.0 = Debug|Any CPU
		{35B184E5-B397-44A7-961B-1BC0A74F13BF}.Release|Any CPU.ActiveCfg = Release|Any CPU
		{35B184E5-B397-44A7-961B-1BC0A74F13BF}.Release|Any CPU.Build.0 = Release|Any CPU
	EndGlobalSection
	GlobalSection(SolutionProperties) = preSolution
		HideSolutionNode = FALSE
	EndGlobalSection
	GlobalSection(ExtensibilityGlobals) = postSolution
		SolutionGuid = {7B2393D0-5B89-4628-B7E8-FE32AA880C0A}
	EndGlobalSection
EndGlobal
