
Microsoft Visual Studio Solution File, Format Version 12.00
# Visual Studio Version 17
VisualStudioVersion = 17.2.32526.322
MinimumVisualStudioVersion = 10.0.40219.1
Project("{FAE04EC0-301F-11D3-BF4B-00C04F79EFBC}") = "01. Data Type Finder", "01. Data Type Finder\01. Data Type Finder.csproj", "{5C5DE4E1-B5E9-4E88-A766-568873075FAD}"
EndProject
Global
	GlobalSection(SolutionConfigurationPlatforms) = preSolution
		Debug|Any CPU = Debug|Any CPU
		Release|Any CPU = Release|Any CPU
	EndGlobalSection
	GlobalSection(ProjectConfigurationPlatforms) = postSolution
		{5C5DE4E1-B5E9-4E88-A766-568873075FAD}.Debug|Any CPU.ActiveCfg = Debug|Any CPU
		{5C5DE4E1-B5E9-4E88-A766-568873075FAD}.Debug|Any CPU.Build.0 = Debug|Any CPU
		{5C5DE4E1-B5E9-4E88-A766-568873075FAD}.Release|Any CPU.ActiveCfg = Release|Any CPU
		{5C5DE4E1-B5E9-4E88-A766-568873075FAD}.Release|Any CPU.Build.0 = Release|Any CPU
	EndGlobalSection
	GlobalSection(SolutionProperties) = preSolution
		HideSolutionNode = FALSE
	EndGlobalSection
	GlobalSection(ExtensibilityGlobals) = postSolution
		SolutionGuid = {14CB3D7D-2D28-4115-B7C0-7B8004A79FA0}
	EndGlobalSection
EndGlobal
