
Microsoft Visual Studio Solution File, Format Version 12.00
# Visual Studio Version 17
VisualStudioVersion = 17.2.32526.322
MinimumVisualStudioVersion = 10.0.40219.1
Project("{FAE04EC0-301F-11D3-BF4B-00C04F79EFBC}") = "05. Login", "05. Login\05. Login.csproj", "{A3C759DE-AE94-4951-8A6A-77C2507B85FD}"
EndProject
Global
	GlobalSection(SolutionConfigurationPlatforms) = preSolution
		Debug|Any CPU = Debug|Any CPU
		Release|Any CPU = Release|Any CPU
	EndGlobalSection
	GlobalSection(ProjectConfigurationPlatforms) = postSolution
		{A3C759DE-AE94-4951-8A6A-77C2507B85FD}.Debug|Any CPU.ActiveCfg = Debug|Any CPU
		{A3C759DE-AE94-4951-8A6A-77C2507B85FD}.Debug|Any CPU.Build.0 = Debug|Any CPU
		{A3C759DE-AE94-4951-8A6A-77C2507B85FD}.Release|Any CPU.ActiveCfg = Release|Any CPU
		{A3C759DE-AE94-4951-8A6A-77C2507B85FD}.Release|Any CPU.Build.0 = Release|Any CPU
	EndGlobalSection
	GlobalSection(SolutionProperties) = preSolution
		HideSolutionNode = FALSE
	EndGlobalSection
	GlobalSection(ExtensibilityGlobals) = postSolution
		SolutionGuid = {6D2D4639-89C8-45BC-8052-98AA0B0B02AC}
	EndGlobalSection
EndGlobal
