
Microsoft Visual Studio Solution File, Format Version 12.00
# Visual Studio Version 17
VisualStudioVersion = 17.2.32526.322
MinimumVisualStudioVersion = 10.0.40219.1
Project("{FAE04EC0-301F-11D3-BF4B-00C04F79EFBC}") = "07. Vending Machine", "07. Vending Machine\07. Vending Machine.csproj", "{594CB925-15EE-41E0-8E5C-ECDAE37D3620}"
EndProject
Global
	GlobalSection(SolutionConfigurationPlatforms) = preSolution
		Debug|Any CPU = Debug|Any CPU
		Release|Any CPU = Release|Any CPU
	EndGlobalSection
	GlobalSection(ProjectConfigurationPlatforms) = postSolution
		{594CB925-15EE-41E0-8E5C-ECDAE37D3620}.Debug|Any CPU.ActiveCfg = Debug|Any CPU
		{594CB925-15EE-41E0-8E5C-ECDAE37D3620}.Debug|Any CPU.Build.0 = Debug|Any CPU
		{594CB925-15EE-41E0-8E5C-ECDAE37D3620}.Release|Any CPU.ActiveCfg = Release|Any CPU
		{594CB925-15EE-41E0-8E5C-ECDAE37D3620}.Release|Any CPU.Build.0 = Release|Any CPU
	EndGlobalSection
	GlobalSection(SolutionProperties) = preSolution
		HideSolutionNode = FALSE
	EndGlobalSection
	GlobalSection(ExtensibilityGlobals) = postSolution
		SolutionGuid = {2B904CC3-E533-4F3C-A5DA-250D0494004D}
	EndGlobalSection
EndGlobal
