
Microsoft Visual Studio Solution File, Format Version 12.00
# Visual Studio Version 17
VisualStudioVersion = 17.2.32526.322
MinimumVisualStudioVersion = 10.0.40219.1
Project("{FAE04EC0-301F-11D3-BF4B-00C04F79EFBC}") = "09. Chars to String", "09. Chars to String\09. Chars to String.csproj", "{77174E92-9221-4CDA-AC2E-0F9B9FEBB5A3}"
EndProject
Global
	GlobalSection(SolutionConfigurationPlatforms) = preSolution
		Debug|Any CPU = Debug|Any CPU
		Release|Any CPU = Release|Any CPU
	EndGlobalSection
	GlobalSection(ProjectConfigurationPlatforms) = postSolution
		{77174E92-9221-4CDA-AC2E-0F9B9FEBB5A3}.Debug|Any CPU.ActiveCfg = Debug|Any CPU
		{77174E92-9221-4CDA-AC2E-0F9B9FEBB5A3}.Debug|Any CPU.Build.0 = Debug|Any CPU
		{77174E92-9221-4CDA-AC2E-0F9B9FEBB5A3}.Release|Any CPU.ActiveCfg = Release|Any CPU
		{77174E92-9221-4CDA-AC2E-0F9B9FEBB5A3}.Release|Any CPU.Build.0 = Release|Any CPU
	EndGlobalSection
	GlobalSection(SolutionProperties) = preSolution
		HideSolutionNode = FALSE
	EndGlobalSection
	GlobalSection(ExtensibilityGlobals) = postSolution
		SolutionGuid = {2F7D12CB-0651-4620-BE5F-39E8E7AFDD42}
	EndGlobalSection
EndGlobal
