
Microsoft Visual Studio Solution File, Format Version 12.00
# Visual Studio Version 17
VisualStudioVersion = 17.2.32526.322
MinimumVisualStudioVersion = 10.0.40219.1
Project("{FAE04EC0-301F-11D3-BF4B-00C04F79EFBC}") = "03. Calculations", "03. Calculations\03. Calculations.csproj", "{6372284E-6F70-46C9-8946-33A1D108FF37}"
EndProject
Global
	GlobalSection(SolutionConfigurationPlatforms) = preSolution
		Debug|Any CPU = Debug|Any CPU
		Release|Any CPU = Release|Any CPU
	EndGlobalSection
	GlobalSection(ProjectConfigurationPlatforms) = postSolution
		{6372284E-6F70-46C9-8946-33A1D108FF37}.Debug|Any CPU.ActiveCfg = Debug|Any CPU
		{6372284E-6F70-46C9-8946-33A1D108FF37}.Debug|Any CPU.Build.0 = Debug|Any CPU
		{6372284E-6F70-46C9-8946-33A1D108FF37}.Release|Any CPU.ActiveCfg = Release|Any CPU
		{6372284E-6F70-46C9-8946-33A1D108FF37}.Release|Any CPU.Build.0 = Release|Any CPU
	EndGlobalSection
	GlobalSection(SolutionProperties) = preSolution
		HideSolutionNode = FALSE
	EndGlobalSection
	GlobalSection(ExtensibilityGlobals) = postSolution
		SolutionGuid = {93C00239-6A72-478D-9504-DE11AE3A7AD1}
	EndGlobalSection
EndGlobal
