
Microsoft Visual Studio Solution File, Format Version 12.00
# Visual Studio Version 17
VisualStudioVersion = 17.2.32526.322
MinimumVisualStudioVersion = 10.0.40219.1
Project("{FAE04EC0-301F-11D3-BF4B-00C04F79EFBC}") = "08. Math Power", "08. Math Power\08. Math Power.csproj", "{104A86D3-E1D1-4110-9A70-5207112F3B45}"
EndProject
Global
	GlobalSection(SolutionConfigurationPlatforms) = preSolution
		Debug|Any CPU = Debug|Any CPU
		Release|Any CPU = Release|Any CPU
	EndGlobalSection
	GlobalSection(ProjectConfigurationPlatforms) = postSolution
		{104A86D3-E1D1-4110-9A70-5207112F3B45}.Debug|Any CPU.ActiveCfg = Debug|Any CPU
		{104A86D3-E1D1-4110-9A70-5207112F3B45}.Debug|Any CPU.Build.0 = Debug|Any CPU
		{104A86D3-E1D1-4110-9A70-5207112F3B45}.Release|Any CPU.ActiveCfg = Release|Any CPU
		{104A86D3-E1D1-4110-9A70-5207112F3B45}.Release|Any CPU.Build.0 = Release|Any CPU
	EndGlobalSection
	GlobalSection(SolutionProperties) = preSolution
		HideSolutionNode = FALSE
	EndGlobalSection
	GlobalSection(ExtensibilityGlobals) = postSolution
		SolutionGuid = {A9244E35-F303-413E-9E5B-CB3253AC828D}
	EndGlobalSection
EndGlobal
