
Microsoft Visual Studio Solution File, Format Version 12.00
# Visual Studio Version 17
VisualStudioVersion = 17.2.32526.322
MinimumVisualStudioVersion = 10.0.40219.1
Project("{FAE04EC0-301F-11D3-BF4B-00C04F79EFBC}") = "09. Sum of Odd Numbers", "09. Sum of Odd Numbers\09. Sum of Odd Numbers.csproj", "{75F3A8B1-1B96-4848-8D9E-1A1B19CB0707}"
EndProject
Global
	GlobalSection(SolutionConfigurationPlatforms) = preSolution
		Debug|Any CPU = Debug|Any CPU
		Release|Any CPU = Release|Any CPU
	EndGlobalSection
	GlobalSection(ProjectConfigurationPlatforms) = postSolution
		{75F3A8B1-1B96-4848-8D9E-1A1B19CB0707}.Debug|Any CPU.ActiveCfg = Debug|Any CPU
		{75F3A8B1-1B96-4848-8D9E-1A1B19CB0707}.Debug|Any CPU.Build.0 = Debug|Any CPU
		{75F3A8B1-1B96-4848-8D9E-1A1B19CB0707}.Release|Any CPU.ActiveCfg = Release|Any CPU
		{75F3A8B1-1B96-4848-8D9E-1A1B19CB0707}.Release|Any CPU.Build.0 = Release|Any CPU
	EndGlobalSection
	GlobalSection(SolutionProperties) = preSolution
		HideSolutionNode = FALSE
	EndGlobalSection
	GlobalSection(ExtensibilityGlobals) = postSolution
		SolutionGuid = {282DC75E-5C95-4B81-B1B4-BAD0412F2329}
	EndGlobalSection
EndGlobal
