
Microsoft Visual Studio Solution File, Format Version 12.00
# Visual Studio Version 17
VisualStudioVersion = 17.2.32526.322
MinimumVisualStudioVersion = 10.0.40219.1
Project("{FAE04EC0-301F-11D3-BF4B-00C04F79EFBC}") = "04. List Operations", "04. List Operations\04. List Operations.csproj", "{D312FAD6-5625-45D0-BE24-FC5B93A1ABB2}"
EndProject
Global
	GlobalSection(SolutionConfigurationPlatforms) = preSolution
		Debug|Any CPU = Debug|Any CPU
		Release|Any CPU = Release|Any CPU
	EndGlobalSection
	GlobalSection(ProjectConfigurationPlatforms) = postSolution
		{D312FAD6-5625-45D0-BE24-FC5B93A1ABB2}.Debug|Any CPU.ActiveCfg = Debug|Any CPU
		{D312FAD6-5625-45D0-BE24-FC5B93A1ABB2}.Debug|Any CPU.Build.0 = Debug|Any CPU
		{D312FAD6-5625-45D0-BE24-FC5B93A1ABB2}.Release|Any CPU.ActiveCfg = Release|Any CPU
		{D312FAD6-5625-45D0-BE24-FC5B93A1ABB2}.Release|Any CPU.Build.0 = Release|Any CPU
	EndGlobalSection
	GlobalSection(SolutionProperties) = preSolution
		HideSolutionNode = FALSE
	EndGlobalSection
	GlobalSection(ExtensibilityGlobals) = postSolution
		SolutionGuid = {10E06ECA-37F1-470B-BED0-A0D4223F88A2}
	EndGlobalSection
EndGlobal
