
Microsoft Visual Studio Solution File, Format Version 12.00
# Visual Studio Version 17
VisualStudioVersion = 17.2.32526.322
MinimumVisualStudioVersion = 10.0.40219.1
Project("{FAE04EC0-301F-11D3-BF4B-00C04F79EFBC}") = "03. Match Dates", "03. Match Dates\03. Match Dates.csproj", "{E3F7F070-D5CF-41A1-A3A1-1667EF366513}"
EndProject
Global
	GlobalSection(SolutionConfigurationPlatforms) = preSolution
		Debug|Any CPU = Debug|Any CPU
		Release|Any CPU = Release|Any CPU
	EndGlobalSection
	GlobalSection(ProjectConfigurationPlatforms) = postSolution
		{E3F7F070-D5CF-41A1-A3A1-1667EF366513}.Debug|Any CPU.ActiveCfg = Debug|Any CPU
		{E3F7F070-D5CF-41A1-A3A1-1667EF366513}.Debug|Any CPU.Build.0 = Debug|Any CPU
		{E3F7F070-D5CF-41A1-A3A1-1667EF366513}.Release|Any CPU.ActiveCfg = Release|Any CPU
		{E3F7F070-D5CF-41A1-A3A1-1667EF366513}.Release|Any CPU.Build.0 = Release|Any CPU
	EndGlobalSection
	GlobalSection(SolutionProperties) = preSolution
		HideSolutionNode = FALSE
	EndGlobalSection
	GlobalSection(ExtensibilityGlobals) = postSolution
		SolutionGuid = {C220B700-5835-4511-B8B9-20FC392918A7}
	EndGlobalSection
EndGlobal
