
Microsoft Visual Studio Solution File, Format Version 12.00
# Visual Studio Version 17
VisualStudioVersion = 17.2.32526.322
MinimumVisualStudioVersion = 10.0.40219.1
Project("{FAE04EC0-301F-11D3-BF4B-00C04F79EFBC}") = "03. House Party", "03. House Party\03. House Party.csproj", "{BA49EEF0-EFE1-4662-8558-77D649113946}"
EndProject
Global
	GlobalSection(SolutionConfigurationPlatforms) = preSolution
		Debug|Any CPU = Debug|Any CPU
		Release|Any CPU = Release|Any CPU
	EndGlobalSection
	GlobalSection(ProjectConfigurationPlatforms) = postSolution
		{BA49EEF0-EFE1-4662-8558-77D649113946}.Debug|Any CPU.ActiveCfg = Debug|Any CPU
		{BA49EEF0-EFE1-4662-8558-77D649113946}.Debug|Any CPU.Build.0 = Debug|Any CPU
		{BA49EEF0-EFE1-4662-8558-77D649113946}.Release|Any CPU.ActiveCfg = Release|Any CPU
		{BA49EEF0-EFE1-4662-8558-77D649113946}.Release|Any CPU.Build.0 = Release|Any CPU
	EndGlobalSection
	GlobalSection(SolutionProperties) = preSolution
		HideSolutionNode = FALSE
	EndGlobalSection
	GlobalSection(ExtensibilityGlobals) = postSolution
		SolutionGuid = {8AB9CD45-19B8-478D-B085-52879287CBB8}
	EndGlobalSection
EndGlobal
