
Microsoft Visual Studio Solution File, Format Version 12.00
# Visual Studio Version 17
VisualStudioVersion = 17.2.32526.322
MinimumVisualStudioVersion = 10.0.40219.1
Project("{FAE04EC0-301F-11D3-BF4B-00C04F79EFBC}") = "05. Month Printer", "05. Month Printer\05. Month Printer.csproj", "{C431D498-7E7D-4829-9549-D45684D081C1}"
EndProject
Global
	GlobalSection(SolutionConfigurationPlatforms) = preSolution
		Debug|Any CPU = Debug|Any CPU
		Release|Any CPU = Release|Any CPU
	EndGlobalSection
	GlobalSection(ProjectConfigurationPlatforms) = postSolution
		{C431D498-7E7D-4829-9549-D45684D081C1}.Debug|Any CPU.ActiveCfg = Debug|Any CPU
		{C431D498-7E7D-4829-9549-D45684D081C1}.Debug|Any CPU.Build.0 = Debug|Any CPU
		{C431D498-7E7D-4829-9549-D45684D081C1}.Release|Any CPU.ActiveCfg = Release|Any CPU
		{C431D498-7E7D-4829-9549-D45684D081C1}.Release|Any CPU.Build.0 = Release|Any CPU
	EndGlobalSection
	GlobalSection(SolutionProperties) = preSolution
		HideSolutionNode = FALSE
	EndGlobalSection
	GlobalSection(ExtensibilityGlobals) = postSolution
		SolutionGuid = {3EDD0624-CFBF-4A5C-92F5-572A5278ADCB}
	EndGlobalSection
EndGlobal
