
Microsoft Visual Studio Solution File, Format Version 12.00
# Visual Studio Version 17
VisualStudioVersion = 17.2.32526.322
MinimumVisualStudioVersion = 10.0.40219.1
Project("{FAE04EC0-301F-11D3-BF4B-00C04F79EFBC}") = "10. Poke Mon", "10. Poke Mon\10. Poke Mon.csproj", "{20614785-4A85-4DF2-B073-BAB64720028E}"
EndProject
Global
	GlobalSection(SolutionConfigurationPlatforms) = preSolution
		Debug|Any CPU = Debug|Any CPU
		Release|Any CPU = Release|Any CPU
	EndGlobalSection
	GlobalSection(ProjectConfigurationPlatforms) = postSolution
		{20614785-4A85-4DF2-B073-BAB64720028E}.Debug|Any CPU.ActiveCfg = Debug|Any CPU
		{20614785-4A85-4DF2-B073-BAB64720028E}.Debug|Any CPU.Build.0 = Debug|Any CPU
		{20614785-4A85-4DF2-B073-BAB64720028E}.Release|Any CPU.ActiveCfg = Release|Any CPU
		{20614785-4A85-4DF2-B073-BAB64720028E}.Release|Any CPU.Build.0 = Release|Any CPU
	EndGlobalSection
	GlobalSection(SolutionProperties) = preSolution
		HideSolutionNode = FALSE
	EndGlobalSection
	GlobalSection(ExtensibilityGlobals) = postSolution
		SolutionGuid = {F3596490-337D-4C51-902B-357ED05AADC3}
	EndGlobalSection
EndGlobal
