
Microsoft Visual Studio Solution File, Format Version 12.00
# Visual Studio Version 17
VisualStudioVersion = 17.2.32526.322
MinimumVisualStudioVersion = 10.0.40219.1
Project("{FAE04EC0-301F-11D3-BF4B-00C04F79EFBC}") = "01. Integer Operations", "01. Integer Operations\01. Integer Operations.csproj", "{C0159550-89D0-49B8-8AF7-582B14B6DCBC}"
EndProject
Global
	GlobalSection(SolutionConfigurationPlatforms) = preSolution
		Debug|Any CPU = Debug|Any CPU
		Release|Any CPU = Release|Any CPU
	EndGlobalSection
	GlobalSection(ProjectConfigurationPlatforms) = postSolution
		{C0159550-89D0-49B8-8AF7-582B14B6DCBC}.Debug|Any CPU.ActiveCfg = Debug|Any CPU
		{C0159550-89D0-49B8-8AF7-582B14B6DCBC}.Debug|Any CPU.Build.0 = Debug|Any CPU
		{C0159550-89D0-49B8-8AF7-582B14B6DCBC}.Release|Any CPU.ActiveCfg = Release|Any CPU
		{C0159550-89D0-49B8-8AF7-582B14B6DCBC}.Release|Any CPU.Build.0 = Release|Any CPU
	EndGlobalSection
	GlobalSection(SolutionProperties) = preSolution
		HideSolutionNode = FALSE
	EndGlobalSection
	GlobalSection(ExtensibilityGlobals) = postSolution
		SolutionGuid = {E29EDE2D-048D-4084-9E8B-B96C809A9EC9}
	EndGlobalSection
EndGlobal
