
Microsoft Visual Studio Solution File, Format Version 12.00
# Visual Studio Version 17
VisualStudioVersion = 17.2.32526.322
MinimumVisualStudioVersion = 10.0.40219.1
Project("{FAE04EC0-301F-11D3-BF4B-00C04F79EFBC}") = "09. Spice Must Flow", "09. Spice Must Flow\09. Spice Must Flow.csproj", "{19B81643-2F8E-41BF-A5C6-9BDA7838448D}"
EndProject
Global
	GlobalSection(SolutionConfigurationPlatforms) = preSolution
		Debug|Any CPU = Debug|Any CPU
		Release|Any CPU = Release|Any CPU
	EndGlobalSection
	GlobalSection(ProjectConfigurationPlatforms) = postSolution
		{19B81643-2F8E-41BF-A5C6-9BDA7838448D}.Debug|Any CPU.ActiveCfg = Debug|Any CPU
		{19B81643-2F8E-41BF-A5C6-9BDA7838448D}.Debug|Any CPU.Build.0 = Debug|Any CPU
		{19B81643-2F8E-41BF-A5C6-9BDA7838448D}.Release|Any CPU.ActiveCfg = Release|Any CPU
		{19B81643-2F8E-41BF-A5C6-9BDA7838448D}.Release|Any CPU.Build.0 = Release|Any CPU
	EndGlobalSection
	GlobalSection(SolutionProperties) = preSolution
		HideSolutionNode = FALSE
	EndGlobalSection
	GlobalSection(ExtensibilityGlobals) = postSolution
		SolutionGuid = {4A7ECA09-C812-4CA6-B0FF-4EECDF558A69}
	EndGlobalSection
EndGlobal
