
Microsoft Visual Studio Solution File, Format Version 12.00
# Visual Studio Version 17
VisualStudioVersion = 17.2.32526.322
MinimumVisualStudioVersion = 10.0.40219.1
Project("{FAE04EC0-301F-11D3-BF4B-00C04F79EFBC}") = "01. Sum Adjacent Equal Numbers", "01. Sum Adjacent Equal Numbers\01. Sum Adjacent Equal Numbers.csproj", "{73E1A6BE-1610-4847-925A-75635B553678}"
EndProject
Global
	GlobalSection(SolutionConfigurationPlatforms) = preSolution
		Debug|Any CPU = Debug|Any CPU
		Release|Any CPU = Release|Any CPU
	EndGlobalSection
	GlobalSection(ProjectConfigurationPlatforms) = postSolution
		{73E1A6BE-1610-4847-925A-75635B553678}.Debug|Any CPU.ActiveCfg = Debug|Any CPU
		{73E1A6BE-1610-4847-925A-75635B553678}.Debug|Any CPU.Build.0 = Debug|Any CPU
		{73E1A6BE-1610-4847-925A-75635B553678}.Release|Any CPU.ActiveCfg = Release|Any CPU
		{73E1A6BE-1610-4847-925A-75635B553678}.Release|Any CPU.Build.0 = Release|Any CPU
	EndGlobalSection
	GlobalSection(SolutionProperties) = preSolution
		HideSolutionNode = FALSE
	EndGlobalSection
	GlobalSection(ExtensibilityGlobals) = postSolution
		SolutionGuid = {34BC6F8F-E400-4AB2-8EE4-1E654796CE3F}
	EndGlobalSection
EndGlobal
