
Microsoft Visual Studio Solution File, Format Version 12.00
# Visual Studio Version 17
VisualStudioVersion = 17.2.32526.322
MinimumVisualStudioVersion = 10.0.40219.1
Project("{FAE04EC0-301F-11D3-BF4B-00C04F79EFBC}") = "01. Count Real Numbers", "01. Count Real Numbers\01. Count Real Numbers.csproj", "{EDC208ED-3D8B-4613-9126-F02DC19C8B75}"
EndProject
Global
	GlobalSection(SolutionConfigurationPlatforms) = preSolution
		Debug|Any CPU = Debug|Any CPU
		Release|Any CPU = Release|Any CPU
	EndGlobalSection
	GlobalSection(ProjectConfigurationPlatforms) = postSolution
		{EDC208ED-3D8B-4613-9126-F02DC19C8B75}.Debug|Any CPU.ActiveCfg = Debug|Any CPU
		{EDC208ED-3D8B-4613-9126-F02DC19C8B75}.Debug|Any CPU.Build.0 = Debug|Any CPU
		{EDC208ED-3D8B-4613-9126-F02DC19C8B75}.Release|Any CPU.ActiveCfg = Release|Any CPU
		{EDC208ED-3D8B-4613-9126-F02DC19C8B75}.Release|Any CPU.Build.0 = Release|Any CPU
	EndGlobalSection
	GlobalSection(SolutionProperties) = preSolution
		HideSolutionNode = FALSE
	EndGlobalSection
	GlobalSection(ExtensibilityGlobals) = postSolution
		SolutionGuid = {341B0FD2-C570-4D72-A46C-FCA071515BC2}
	EndGlobalSection
EndGlobal
