
Microsoft Visual Studio Solution File, Format Version 12.00
# Visual Studio Version 17
VisualStudioVersion = 17.2.32526.322
MinimumVisualStudioVersion = 10.0.40219.1
Project("{FAE04EC0-301F-11D3-BF4B-00C04F79EFBC}") = "02. Character Multiplier", "02. Character Multiplier\02. Character Multiplier.csproj", "{01783111-6AED-4088-97E3-F67B10B98965}"
EndProject
Global
	GlobalSection(SolutionConfigurationPlatforms) = preSolution
		Debug|Any CPU = Debug|Any CPU
		Release|Any CPU = Release|Any CPU
	EndGlobalSection
	GlobalSection(ProjectConfigurationPlatforms) = postSolution
		{01783111-6AED-4088-97E3-F67B10B98965}.Debug|Any CPU.ActiveCfg = Debug|Any CPU
		{01783111-6AED-4088-97E3-F67B10B98965}.Debug|Any CPU.Build.0 = Debug|Any CPU
		{01783111-6AED-4088-97E3-F67B10B98965}.Release|Any CPU.ActiveCfg = Release|Any CPU
		{01783111-6AED-4088-97E3-F67B10B98965}.Release|Any CPU.Build.0 = Release|Any CPU
	EndGlobalSection
	GlobalSection(SolutionProperties) = preSolution
		HideSolutionNode = FALSE
	EndGlobalSection
	GlobalSection(ExtensibilityGlobals) = postSolution
		SolutionGuid = {4A24A8BE-D866-4147-A783-0CE6F380141A}
	EndGlobalSection
EndGlobal
