
Microsoft Visual Studio Solution File, Format Version 12.00
# Visual Studio Version 17
VisualStudioVersion = 17.2.32526.322
MinimumVisualStudioVersion = 10.0.40219.1
Project("{FAE04EC0-301F-11D3-BF4B-00C04F79EFBC}") = "02. Grades", "02. Grades\02. Grades.csproj", "{3750406A-B7DE-4522-8869-BD449D1540C9}"
EndProject
Global
	GlobalSection(SolutionConfigurationPlatforms) = preSolution
		Debug|Any CPU = Debug|Any CPU
		Release|Any CPU = Release|Any CPU
	EndGlobalSection
	GlobalSection(ProjectConfigurationPlatforms) = postSolution
		{3750406A-B7DE-4522-8869-BD449D1540C9}.Debug|Any CPU.ActiveCfg = Debug|Any CPU
		{3750406A-B7DE-4522-8869-BD449D1540C9}.Debug|Any CPU.Build.0 = Debug|Any CPU
		{3750406A-B7DE-4522-8869-BD449D1540C9}.Release|Any CPU.ActiveCfg = Release|Any CPU
		{3750406A-B7DE-4522-8869-BD449D1540C9}.Release|Any CPU.Build.0 = Release|Any CPU
	EndGlobalSection
	GlobalSection(SolutionProperties) = preSolution
		HideSolutionNode = FALSE
	EndGlobalSection
	GlobalSection(ExtensibilityGlobals) = postSolution
		SolutionGuid = {22778F01-62FA-474A-BFDD-0FB50BFCC3B4}
	EndGlobalSection
EndGlobal
