
Microsoft Visual Studio Solution File, Format Version 12.00
# Visual Studio Version 17
VisualStudioVersion = 17.2.32526.322
MinimumVisualStudioVersion = 10.0.40219.1
Project("{FAE04EC0-301F-11D3-BF4B-00C04F79EFBC}") = "05. Special Numbers", "05. Special Numbers\05. Special Numbers.csproj", "{7782C43B-544B-4079-802E-796270C12B94}"
EndProject
Global
	GlobalSection(SolutionConfigurationPlatforms) = preSolution
		Debug|Any CPU = Debug|Any CPU
		Release|Any CPU = Release|Any CPU
	EndGlobalSection
	GlobalSection(ProjectConfigurationPlatforms) = postSolution
		{7782C43B-544B-4079-802E-796270C12B94}.Debug|Any CPU.ActiveCfg = Debug|Any CPU
		{7782C43B-544B-4079-802E-796270C12B94}.Debug|Any CPU.Build.0 = Debug|Any CPU
		{7782C43B-544B-4079-802E-796270C12B94}.Release|Any CPU.ActiveCfg = Release|Any CPU
		{7782C43B-544B-4079-802E-796270C12B94}.Release|Any CPU.Build.0 = Release|Any CPU
	EndGlobalSection
	GlobalSection(SolutionProperties) = preSolution
		HideSolutionNode = FALSE
	EndGlobalSection
	GlobalSection(ExtensibilityGlobals) = postSolution
		SolutionGuid = {929BBA06-C358-4A03-872D-A975BE816C1B}
	EndGlobalSection
EndGlobal
