
Microsoft Visual Studio Solution File, Format Version 12.00
# Visual Studio Version 17
VisualStudioVersion = 17.2.32526.322
MinimumVisualStudioVersion = 10.0.40219.1
Project("{FAE04EC0-301F-11D3-BF4B-00C04F79EFBC}") = "03. Characters in Range", "03. Characters in Range\03. Characters in Range.csproj", "{EC4DEE9E-930D-4116-81A5-F76A759E3D9B}"
EndProject
Global
	GlobalSection(SolutionConfigurationPlatforms) = preSolution
		Debug|Any CPU = Debug|Any CPU
		Release|Any CPU = Release|Any CPU
	EndGlobalSection
	GlobalSection(ProjectConfigurationPlatforms) = postSolution
		{EC4DEE9E-930D-4116-81A5-F76A759E3D9B}.Debug|Any CPU.ActiveCfg = Debug|Any CPU
		{EC4DEE9E-930D-4116-81A5-F76A759E3D9B}.Debug|Any CPU.Build.0 = Debug|Any CPU
		{EC4DEE9E-930D-4116-81A5-F76A759E3D9B}.Release|Any CPU.ActiveCfg = Release|Any CPU
		{EC4DEE9E-930D-4116-81A5-F76A759E3D9B}.Release|Any CPU.Build.0 = Release|Any CPU
	EndGlobalSection
	GlobalSection(SolutionProperties) = preSolution
		HideSolutionNode = FALSE
	EndGlobalSection
	GlobalSection(ExtensibilityGlobals) = postSolution
		SolutionGuid = {072992BC-5581-4B76-BF2A-7444DD098CDD}
	EndGlobalSection
EndGlobal
