
Microsoft Visual Studio Solution File, Format Version 12.00
# Visual Studio Version 17
VisualStudioVersion = 17.2.32526.322
MinimumVisualStudioVersion = 10.0.40219.1
Project("{FAE04EC0-301F-11D3-BF4B-00C04F79EFBC}") = "02. Articles", "02. Articles\02. Articles.csproj", "{DF275AFE-7FA8-4A7A-9EAE-9F7F52498766}"
EndProject
Global
	GlobalSection(SolutionConfigurationPlatforms) = preSolution
		Debug|Any CPU = Debug|Any CPU
		Release|Any CPU = Release|Any CPU
	EndGlobalSection
	GlobalSection(ProjectConfigurationPlatforms) = postSolution
		{DF275AFE-7FA8-4A7A-9EAE-9F7F52498766}.Debug|Any CPU.ActiveCfg = Debug|Any CPU
		{DF275AFE-7FA8-4A7A-9EAE-9F7F52498766}.Debug|Any CPU.Build.0 = Debug|Any CPU
		{DF275AFE-7FA8-4A7A-9EAE-9F7F52498766}.Release|Any CPU.ActiveCfg = Release|Any CPU
		{DF275AFE-7FA8-4A7A-9EAE-9F7F52498766}.Release|Any CPU.Build.0 = Release|Any CPU
	EndGlobalSection
	GlobalSection(SolutionProperties) = preSolution
		HideSolutionNode = FALSE
	EndGlobalSection
	GlobalSection(ExtensibilityGlobals) = postSolution
		SolutionGuid = {01B6AF6B-03EE-4D40-A315-30CC192B6F1D}
	EndGlobalSection
EndGlobal
