
Microsoft Visual Studio Solution File, Format Version 12.00
# Visual Studio Version 17
VisualStudioVersion = 17.2.32526.322
MinimumVisualStudioVersion = 10.0.40219.1
Project("{FAE04EC0-301F-11D3-BF4B-00C04F79EFBC}") = "06. Cards Game", "06. Cards Game\06. Cards Game.csproj", "{CC1B6C12-4ACE-4096-8B1B-12221B879175}"
EndProject
Global
	GlobalSection(SolutionConfigurationPlatforms) = preSolution
		Debug|Any CPU = Debug|Any CPU
		Release|Any CPU = Release|Any CPU
	EndGlobalSection
	GlobalSection(ProjectConfigurationPlatforms) = postSolution
		{CC1B6C12-4ACE-4096-8B1B-12221B879175}.Debug|Any CPU.ActiveCfg = Debug|Any CPU
		{CC1B6C12-4ACE-4096-8B1B-12221B879175}.Debug|Any CPU.Build.0 = Debug|Any CPU
		{CC1B6C12-4ACE-4096-8B1B-12221B879175}.Release|Any CPU.ActiveCfg = Release|Any CPU
		{CC1B6C12-4ACE-4096-8B1B-12221B879175}.Release|Any CPU.Build.0 = Release|Any CPU
	EndGlobalSection
	GlobalSection(SolutionProperties) = preSolution
		HideSolutionNode = FALSE
	EndGlobalSection
	GlobalSection(ExtensibilityGlobals) = postSolution
		SolutionGuid = {49BC29BB-E1B9-4A4C-B4A6-2B4518EECE60}
	EndGlobalSection
EndGlobal
