
Microsoft Visual Studio Solution File, Format Version 12.00
# Visual Studio Version 17
VisualStudioVersion = 17.2.32526.322
MinimumVisualStudioVersion = 10.0.40219.1
Project("{FAE04EC0-301F-11D3-BF4B-00C04F79EFBC}") = "10. Rage Expenses", "10. Rage Expenses\10. Rage Expenses.csproj", "{CFEAE32D-4706-4378-9E74-81619AFF3DA4}"
EndProject
Global
	GlobalSection(SolutionConfigurationPlatforms) = preSolution
		Debug|Any CPU = Debug|Any CPU
		Release|Any CPU = Release|Any CPU
	EndGlobalSection
	GlobalSection(ProjectConfigurationPlatforms) = postSolution
		{CFEAE32D-4706-4378-9E74-81619AFF3DA4}.Debug|Any CPU.ActiveCfg = Debug|Any CPU
		{CFEAE32D-4706-4378-9E74-81619AFF3DA4}.Debug|Any CPU.Build.0 = Debug|Any CPU
		{CFEAE32D-4706-4378-9E74-81619AFF3DA4}.Release|Any CPU.ActiveCfg = Release|Any CPU
		{CFEAE32D-4706-4378-9E74-81619AFF3DA4}.Release|Any CPU.Build.0 = Release|Any CPU
	EndGlobalSection
	GlobalSection(SolutionProperties) = preSolution
		HideSolutionNode = FALSE
	EndGlobalSection
	GlobalSection(ExtensibilityGlobals) = postSolution
		SolutionGuid = {C6B4D122-145B-4AFC-AB62-18F999F0C39E}
	EndGlobalSection
EndGlobal
