
Microsoft Visual Studio Solution File, Format Version 12.00
# Visual Studio Version 17
VisualStudioVersion = 17.2.32526.322
MinimumVisualStudioVersion = 10.0.40219.1
Project("{FAE04EC0-301F-11D3-BF4B-00C04F79EFBC}") = "06. Student Academy", "06. Student Academy\06. Student Academy.csproj", "{2801FBDE-89C8-4553-B11C-F5B5968F2360}"
EndProject
Global
	GlobalSection(SolutionConfigurationPlatforms) = preSolution
		Debug|Any CPU = Debug|Any CPU
		Release|Any CPU = Release|Any CPU
	EndGlobalSection
	GlobalSection(ProjectConfigurationPlatforms) = postSolution
		{2801FBDE-89C8-4553-B11C-F5B5968F2360}.Debug|Any CPU.ActiveCfg = Debug|Any CPU
		{2801FBDE-89C8-4553-B11C-F5B5968F2360}.Debug|Any CPU.Build.0 = Debug|Any CPU
		{2801FBDE-89C8-4553-B11C-F5B5968F2360}.Release|Any CPU.ActiveCfg = Release|Any CPU
		{2801FBDE-89C8-4553-B11C-F5B5968F2360}.Release|Any CPU.Build.0 = Release|Any CPU
	EndGlobalSection
	GlobalSection(SolutionProperties) = preSolution
		HideSolutionNode = FALSE
	EndGlobalSection
	GlobalSection(ExtensibilityGlobals) = postSolution
		SolutionGuid = {C406EEEE-E96C-4F22-81A8-3689603C398A}
	EndGlobalSection
EndGlobal
